
Microsoft Visual Studio Solution File, Format Version 12.00
# Visual Studio 15
VisualStudioVersion = 15.0.27428.2015
MinimumVisualStudioVersion = 10.0.40219.1
Project("{FAE04EC0-301F-11D3-BF4B-00C04F79EFBC}") = "MSoro.AragonSkills", "MSoro.AragonSkills\MSoro.AragonSkills.csproj", "{2A1E5162-9084-4561-B22F-3B1BC4257C89}"
EndProject
Global
	GlobalSection(SolutionConfigurationPlatforms) = preSolution
		Debug|Any CPU = Debug|Any CPU
		Release|Any CPU = Release|Any CPU
	EndGlobalSection
	GlobalSection(ProjectConfigurationPlatforms) = postSolution
		{2A1E5162-9084-4561-B22F-3B1BC4257C89}.Debug|Any CPU.ActiveCfg = Debug|Any CPU
		{2A1E5162-9084-4561-B22F-3B1BC4257C89}.Debug|Any CPU.Build.0 = Debug|Any CPU
		{2A1E5162-9084-4561-B22F-3B1BC4257C89}.Release|Any CPU.ActiveCfg = Release|Any CPU
		{2A1E5162-9084-4561-B22F-3B1BC4257C89}.Release|Any CPU.Build.0 = Release|Any CPU
	EndGlobalSection
	GlobalSection(SolutionProperties) = preSolution
		HideSolutionNode = FALSE
	EndGlobalSection
	GlobalSection(ExtensibilityGlobals) = postSolution
		SolutionGuid = {4A0CFCD6-7FDD-4B75-B690-29AE86488CA5}
	EndGlobalSection
EndGlobal
